// !$*UTF8*$!
{
	archiveVersion = 1;
	classes = {
	};
	objectVersion = 51;
	objects = {

/* Begin PBXBuildFile section */
		387B5476DD0122C159FF7D64 /* Pods_ParstagramTests.framework in Frameworks */ = {isa = PBXBuildFile; fileRef = F9FEFB61D64458B93E4F9610 /* Pods_ParstagramTests.framework */; };
		915B27EA86D77012F71989C2 /* Pods_Parstagram_ParstagramUITests.framework in Frameworks */ = {isa = PBXBuildFile; fileRef = 51C3E45397C3EADDE164499E /* Pods_Parstagram_ParstagramUITests.framework */; };
		A09C7E7EEB74E518F42D0DC2 /* Pods_Parstagram.framework in Frameworks */ = {isa = PBXBuildFile; fileRef = 8FCAC19024488EA85996548F /* Pods_Parstagram.framework */; };
		A4CB8E3225EEA70800966602 /* AppDelegate.swift in Sources */ = {isa = PBXBuildFile; fileRef = A4CB8E3125EEA70800966602 /* AppDelegate.swift */; };
		A4CB8E3425EEA70800966602 /* SceneDelegate.swift in Sources */ = {isa = PBXBuildFile; fileRef = A4CB8E3325EEA70800966602 /* SceneDelegate.swift */; };
		A4CB8E3625EEA70800966602 /* LoginViewController.swift in Sources */ = {isa = PBXBuildFile; fileRef = A4CB8E3525EEA70800966602 /* LoginViewController.swift */; };
		A4CB8E3925EEA70800966602 /* Main.storyboard in Resources */ = {isa = PBXBuildFile; fileRef = A4CB8E3725EEA70800966602 /* Main.storyboard */; };
		A4CB8E3B25EEA70C00966602 /* Assets.xcassets in Resources */ = {isa = PBXBuildFile; fileRef = A4CB8E3A25EEA70C00966602 /* Assets.xcassets */; };
		A4CB8E3E25EEA70C00966602 /* LaunchScreen.storyboard in Resources */ = {isa = PBXBuildFile; fileRef = A4CB8E3C25EEA70C00966602 /* LaunchScreen.storyboard */; };
		A4CB8E4925EEA70D00966602 /* ParstagramTests.swift in Sources */ = {isa = PBXBuildFile; fileRef = A4CB8E4825EEA70D00966602 /* ParstagramTests.swift */; };
		A4CB8E5425EEA70D00966602 /* ParstagramUITests.swift in Sources */ = {isa = PBXBuildFile; fileRef = A4CB8E5325EEA70D00966602 /* ParstagramUITests.swift */; };
		A4CB8E7225EEC07100966602 /* FeedViewController.swift in Sources */ = {isa = PBXBuildFile; fileRef = A4CB8E7125EEC07100966602 /* FeedViewController.swift */; };
		A4CB8E7A25EEC96900966602 /* PostImageViewController.swift in Sources */ = {isa = PBXBuildFile; fileRef = A4CB8E7925EEC96900966602 /* PostImageViewController.swift */; };
		A4CB8E8025EED23500966602 /* PostTableViewCell.swift in Sources */ = {isa = PBXBuildFile; fileRef = A4CB8E7F25EED23500966602 /* PostTableViewCell.swift */; };
/* End PBXBuildFile section */

/* Begin PBXContainerItemProxy section */
		A4CB8E4525EEA70D00966602 /* PBXContainerItemProxy */ = {
			isa = PBXContainerItemProxy;
			containerPortal = A4CB8E2625EEA70800966602 /* Project object */;
			proxyType = 1;
			remoteGlobalIDString = A4CB8E2D25EEA70800966602;
			remoteInfo = Parstagram;
		};
		A4CB8E5025EEA70D00966602 /* PBXContainerItemProxy */ = {
			isa = PBXContainerItemProxy;
			containerPortal = A4CB8E2625EEA70800966602 /* Project object */;
			proxyType = 1;
			remoteGlobalIDString = A4CB8E2D25EEA70800966602;
			remoteInfo = Parstagram;
		};
/* End PBXContainerItemProxy section */

/* Begin PBXFileReference section */
		1AE2A50D78BF2A3E478A10A9 /* Pods-Parstagram.release.xcconfig */ = {isa = PBXFileReference; includeInIndex = 1; lastKnownFileType = text.xcconfig; name = "Pods-Parstagram.release.xcconfig"; path = "Target Support Files/Pods-Parstagram/Pods-Parstagram.release.xcconfig"; sourceTree = "<group>"; };
		42D7BF71AC8D5E5B18E48156 /* Pods-ParstagramTests.debug.xcconfig */ = {isa = PBXFileReference; includeInIndex = 1; lastKnownFileType = text.xcconfig; name = "Pods-ParstagramTests.debug.xcconfig"; path = "Target Support Files/Pods-ParstagramTests/Pods-ParstagramTests.debug.xcconfig"; sourceTree = "<group>"; };
		51C3E45397C3EADDE164499E /* Pods_Parstagram_ParstagramUITests.framework */ = {isa = PBXFileReference; explicitFileType = wrapper.framework; includeInIndex = 0; path = Pods_Parstagram_ParstagramUITests.framework; sourceTree = BUILT_PRODUCTS_DIR; };
		768D8DDB970A4B711FFB41DD /* Pods-Parstagram.debug.xcconfig */ = {isa = PBXFileReference; includeInIndex = 1; lastKnownFileType = text.xcconfig; name = "Pods-Parstagram.debug.xcconfig"; path = "Target Support Files/Pods-Parstagram/Pods-Parstagram.debug.xcconfig"; sourceTree = "<group>"; };
		77585408D344B3394A4AB300 /* Pods-ParstagramTests.release.xcconfig */ = {isa = PBXFileReference; includeInIndex = 1; lastKnownFileType = text.xcconfig; name = "Pods-ParstagramTests.release.xcconfig"; path = "Target Support Files/Pods-ParstagramTests/Pods-ParstagramTests.release.xcconfig"; sourceTree = "<group>"; };
		8FCAC19024488EA85996548F /* Pods_Parstagram.framework */ = {isa = PBXFileReference; explicitFileType = wrapper.framework; includeInIndex = 0; path = Pods_Parstagram.framework; sourceTree = BUILT_PRODUCTS_DIR; };
		A4CB8E2E25EEA70800966602 /* Parstagram.app */ = {isa = PBXFileReference; explicitFileType = wrapper.application; includeInIndex = 0; path = Parstagram.app; sourceTree = BUILT_PRODUCTS_DIR; };
		A4CB8E3125EEA70800966602 /* AppDelegate.swift */ = {isa = PBXFileReference; lastKnownFileType = sourcecode.swift; path = AppDelegate.swift; sourceTree = "<group>"; };
		A4CB8E3325EEA70800966602 /* SceneDelegate.swift */ = {isa = PBXFileReference; lastKnownFileType = sourcecode.swift; path = SceneDelegate.swift; sourceTree = "<group>"; };
		A4CB8E3525EEA70800966602 /* LoginViewController.swift */ = {isa = PBXFileReference; lastKnownFileType = sourcecode.swift; path = LoginViewController.swift; sourceTree = "<group>"; };
		A4CB8E3825EEA70800966602 /* Base */ = {isa = PBXFileReference; lastKnownFileType = file.storyboard; name = Base; path = Base.lproj/Main.storyboard; sourceTree = "<group>"; };
		A4CB8E3A25EEA70C00966602 /* Assets.xcassets */ = {isa = PBXFileReference; lastKnownFileType = folder.assetcatalog; path = Assets.xcassets; sourceTree = "<group>"; };
		A4CB8E3D25EEA70C00966602 /* Base */ = {isa = PBXFileReference; lastKnownFileType = file.storyboard; name = Base; path = Base.lproj/LaunchScreen.storyboard; sourceTree = "<group>"; };
		A4CB8E3F25EEA70C00966602 /* Info.plist */ = {isa = PBXFileReference; lastKnownFileType = text.plist.xml; path = Info.plist; sourceTree = "<group>"; };
		A4CB8E4425EEA70D00966602 /* ParstagramTests.xctest */ = {isa = PBXFileReference; explicitFileType = wrapper.cfbundle; includeInIndex = 0; path = ParstagramTests.xctest; sourceTree = BUILT_PRODUCTS_DIR; };
		A4CB8E4825EEA70D00966602 /* ParstagramTests.swift */ = {isa = PBXFileReference; lastKnownFileType = sourcecode.swift; path = ParstagramTests.swift; sourceTree = "<group>"; };
		A4CB8E4A25EEA70D00966602 /* Info.plist */ = {isa = PBXFileReference; lastKnownFileType = text.plist.xml; path = Info.plist; sourceTree = "<group>"; };
		A4CB8E4F25EEA70D00966602 /* ParstagramUITests.xctest */ = {isa = PBXFileReference; explicitFileType = wrapper.cfbundle; includeInIndex = 0; path = ParstagramUITests.xctest; sourceTree = BUILT_PRODUCTS_DIR; };
		A4CB8E5325EEA70D00966602 /* ParstagramUITests.swift */ = {isa = PBXFileReference; lastKnownFileType = sourcecode.swift; path = ParstagramUITests.swift; sourceTree = "<group>"; };
		A4CB8E5525EEA70D00966602 /* Info.plist */ = {isa = PBXFileReference; lastKnownFileType = text.plist.xml; path = Info.plist; sourceTree = "<group>"; };
		A4CB8E7125EEC07100966602 /* FeedViewController.swift */ = {isa = PBXFileReference; lastKnownFileType = sourcecode.swift; path = FeedViewController.swift; sourceTree = "<group>"; };
		A4CB8E7925EEC96900966602 /* PostImageViewController.swift */ = {isa = PBXFileReference; lastKnownFileType = sourcecode.swift; path = PostImageViewController.swift; sourceTree = "<group>"; };
		A4CB8E7F25EED23500966602 /* PostTableViewCell.swift */ = {isa = PBXFileReference; lastKnownFileType = sourcecode.swift; path = PostTableViewCell.swift; sourceTree = "<group>"; };
		BD22A64EEDF9596DB228D383 /* Pods-Parstagram-ParstagramUITests.release.xcconfig */ = {isa = PBXFileReference; includeInIndex = 1; lastKnownFileType = text.xcconfig; name = "Pods-Parstagram-ParstagramUITests.release.xcconfig"; path = "Target Support Files/Pods-Parstagram-ParstagramUITests/Pods-Parstagram-ParstagramUITests.release.xcconfig"; sourceTree = "<group>"; };
		CD12ECE9A28C0A1F73ECAB05 /* Pods-Parstagram-ParstagramUITests.debug.xcconfig */ = {isa = PBXFileReference; includeInIndex = 1; lastKnownFileType = text.xcconfig; name = "Pods-Parstagram-ParstagramUITests.debug.xcconfig"; path = "Target Support Files/Pods-Parstagram-ParstagramUITests/Pods-Parstagram-ParstagramUITests.debug.xcconfig"; sourceTree = "<group>"; };
		F9FEFB61D64458B93E4F9610 /* Pods_ParstagramTests.framework */ = {isa = PBXFileReference; explicitFileType = wrapper.framework; includeInIndex = 0; path = Pods_ParstagramTests.framework; sourceTree = BUILT_PRODUCTS_DIR; };
/* End PBXFileReference section */

/* Begin PBXFrameworksBuildPhase section */
		A4CB8E2B25EEA70800966602 /* Frameworks */ = {
			isa = PBXFrameworksBuildPhase;
			buildActionMask = 2147483647;
			files = (
				A09C7E7EEB74E518F42D0DC2 /* Pods_Parstagram.framework in Frameworks */,
			);
			runOnlyForDeploymentPostprocessing = 0;
		};
		A4CB8E4125EEA70D00966602 /* Frameworks */ = {
			isa = PBXFrameworksBuildPhase;
			buildActionMask = 2147483647;
			files = (
				387B5476DD0122C159FF7D64 /* Pods_ParstagramTests.framework in Frameworks */,
			);
			runOnlyForDeploymentPostprocessing = 0;
		};
		A4CB8E4C25EEA70D00966602 /* Frameworks */ = {
			isa = PBXFrameworksBuildPhase;
			buildActionMask = 2147483647;
			files = (
				915B27EA86D77012F71989C2 /* Pods_Parstagram_ParstagramUITests.framework in Frameworks */,
			);
			runOnlyForDeploymentPostprocessing = 0;
		};
/* End PBXFrameworksBuildPhase section */

/* Begin PBXGroup section */
		60D2CE83FFA5C6DEFE78F7FD /* Frameworks */ = {
			isa = PBXGroup;
			children = (
				8FCAC19024488EA85996548F /* Pods_Parstagram.framework */,
				51C3E45397C3EADDE164499E /* Pods_Parstagram_ParstagramUITests.framework */,
				F9FEFB61D64458B93E4F9610 /* Pods_ParstagramTests.framework */,
			);
			name = Frameworks;
			sourceTree = "<group>";
		};
		A4CB8E2525EEA70800966602 = {
			isa = PBXGroup;
			children = (
				A4CB8E3025EEA70800966602 /* Parstagram */,
				A4CB8E4725EEA70D00966602 /* ParstagramTests */,
				A4CB8E5225EEA70D00966602 /* ParstagramUITests */,
				A4CB8E2F25EEA70800966602 /* Products */,
				A85672FEBADBFF87E639CD4D /* Pods */,
				60D2CE83FFA5C6DEFE78F7FD /* Frameworks */,
			);
			sourceTree = "<group>";
		};
		A4CB8E2F25EEA70800966602 /* Products */ = {
			isa = PBXGroup;
			children = (
				A4CB8E2E25EEA70800966602 /* Parstagram.app */,
				A4CB8E4425EEA70D00966602 /* ParstagramTests.xctest */,
				A4CB8E4F25EEA70D00966602 /* ParstagramUITests.xctest */,
			);
			name = Products;
			sourceTree = "<group>";
		};
		A4CB8E3025EEA70800966602 /* Parstagram */ = {
			isa = PBXGroup;
			children = (
				A4CB8E7E25EED21700966602 /* Cells */,
				A4CB8E7025EEC04D00966602 /* Controllers */,
				A4CB8E3125EEA70800966602 /* AppDelegate.swift */,
				A4CB8E3325EEA70800966602 /* SceneDelegate.swift */,
				A4CB8E3725EEA70800966602 /* Main.storyboard */,
				A4CB8E3A25EEA70C00966602 /* Assets.xcassets */,
				A4CB8E3C25EEA70C00966602 /* LaunchScreen.storyboard */,
				A4CB8E3F25EEA70C00966602 /* Info.plist */,
			);
			path = Parstagram;
			sourceTree = "<group>";
		};
		A4CB8E4725EEA70D00966602 /* ParstagramTests */ = {
			isa = PBXGroup;
			children = (
				A4CB8E4825EEA70D00966602 /* ParstagramTests.swift */,
				A4CB8E4A25EEA70D00966602 /* Info.plist */,
			);
			path = ParstagramTests;
			sourceTree = "<group>";
		};
		A4CB8E5225EEA70D00966602 /* ParstagramUITests */ = {
			isa = PBXGroup;
			children = (
				A4CB8E5325EEA70D00966602 /* ParstagramUITests.swift */,
				A4CB8E5525EEA70D00966602 /* Info.plist */,
			);
			path = ParstagramUITests;
			sourceTree = "<group>";
		};
		A4CB8E7025EEC04D00966602 /* Controllers */ = {
			isa = PBXGroup;
			children = (
				A4CB8E3525EEA70800966602 /* LoginViewController.swift */,
				A4CB8E7125EEC07100966602 /* FeedViewController.swift */,
				A4CB8E7925EEC96900966602 /* PostImageViewController.swift */,
			);
			path = Controllers;
			sourceTree = "<group>";
		};
		A4CB8E7E25EED21700966602 /* Cells */ = {
			isa = PBXGroup;
			children = (
				A4CB8E7F25EED23500966602 /* PostTableViewCell.swift */,
			);
			path = Cells;
			sourceTree = "<group>";
		};
		A85672FEBADBFF87E639CD4D /* Pods */ = {
			isa = PBXGroup;
			children = (
				768D8DDB970A4B711FFB41DD /* Pods-Parstagram.debug.xcconfig */,
				1AE2A50D78BF2A3E478A10A9 /* Pods-Parstagram.release.xcconfig */,
				CD12ECE9A28C0A1F73ECAB05 /* Pods-Parstagram-ParstagramUITests.debug.xcconfig */,
				BD22A64EEDF9596DB228D383 /* Pods-Parstagram-ParstagramUITests.release.xcconfig */,
				42D7BF71AC8D5E5B18E48156 /* Pods-ParstagramTests.debug.xcconfig */,
				77585408D344B3394A4AB300 /* Pods-ParstagramTests.release.xcconfig */,
			);
			path = Pods;
			sourceTree = "<group>";
		};
/* End PBXGroup section */

/* Begin PBXNativeTarget section */
		A4CB8E2D25EEA70800966602 /* Parstagram */ = {
			isa = PBXNativeTarget;
			buildConfigurationList = A4CB8E5825EEA70D00966602 /* Build configuration list for PBXNativeTarget "Parstagram" */;
			buildPhases = (
				460B23CE3E08E4D4620434E6 /* [CP] Check Pods Manifest.lock */,
				A4CB8E2A25EEA70800966602 /* Sources */,
				A4CB8E2B25EEA70800966602 /* Frameworks */,
				A4CB8E2C25EEA70800966602 /* Resources */,
				BDF0185B2EA1427E29AD1158 /* [CP] Embed Pods Frameworks */,
			);
			buildRules = (
			);
			dependencies = (
			);
			name = Parstagram;
			productName = Parstagram;
			productReference = A4CB8E2E25EEA70800966602 /* Parstagram.app */;
			productType = "com.apple.product-type.application";
		};
		A4CB8E4325EEA70D00966602 /* ParstagramTests */ = {
			isa = PBXNativeTarget;
			buildConfigurationList = A4CB8E5B25EEA70D00966602 /* Build configuration list for PBXNativeTarget "ParstagramTests" */;
			buildPhases = (
				F2343965FB3F0D30BA046DD5 /* [CP] Check Pods Manifest.lock */,
				A4CB8E4025EEA70D00966602 /* Sources */,
				A4CB8E4125EEA70D00966602 /* Frameworks */,
				A4CB8E4225EEA70D00966602 /* Resources */,
			);
			buildRules = (
			);
			dependencies = (
				A4CB8E4625EEA70D00966602 /* PBXTargetDependency */,
			);
			name = ParstagramTests;
			productName = ParstagramTests;
			productReference = A4CB8E4425EEA70D00966602 /* ParstagramTests.xctest */;
			productType = "com.apple.product-type.bundle.unit-test";
		};
		A4CB8E4E25EEA70D00966602 /* ParstagramUITests */ = {
			isa = PBXNativeTarget;
			buildConfigurationList = A4CB8E5E25EEA70D00966602 /* Build configuration list for PBXNativeTarget "ParstagramUITests" */;
			buildPhases = (
				5CA359852103A654859F5E71 /* [CP] Check Pods Manifest.lock */,
				A4CB8E4B25EEA70D00966602 /* Sources */,
				A4CB8E4C25EEA70D00966602 /* Frameworks */,
				A4CB8E4D25EEA70D00966602 /* Resources */,
				33BDB00B93EDCF333BE97985 /* [CP] Embed Pods Frameworks */,
			);
			buildRules = (
			);
			dependencies = (
				A4CB8E5125EEA70D00966602 /* PBXTargetDependency */,
			);
			name = ParstagramUITests;
			productName = ParstagramUITests;
			productReference = A4CB8E4F25EEA70D00966602 /* ParstagramUITests.xctest */;
			productType = "com.apple.product-type.bundle.ui-testing";
		};
/* End PBXNativeTarget section */

/* Begin PBXProject section */
		A4CB8E2625EEA70800966602 /* Project object */ = {
			isa = PBXProject;
			attributes = {
				LastSwiftUpdateCheck = 1240;
				LastUpgradeCheck = 1240;
				TargetAttributes = {
					A4CB8E2D25EEA70800966602 = {
						CreatedOnToolsVersion = 12.4;
					};
					A4CB8E4325EEA70D00966602 = {
						CreatedOnToolsVersion = 12.4;
						TestTargetID = A4CB8E2D25EEA70800966602;
					};
					A4CB8E4E25EEA70D00966602 = {
						CreatedOnToolsVersion = 12.4;
						TestTargetID = A4CB8E2D25EEA70800966602;
					};
				};
			};
			buildConfigurationList = A4CB8E2925EEA70800966602 /* Build configuration list for PBXProject "Parstagram" */;
			compatibilityVersion = "Xcode 9.3";
			developmentRegion = en;
			hasScannedForEncodings = 0;
			knownRegions = (
				en,
				Base,
			);
			mainGroup = A4CB8E2525EEA70800966602;
			productRefGroup = A4CB8E2F25EEA70800966602 /* Products */;
			projectDirPath = "";
			projectRoot = "";
			targets = (
				A4CB8E2D25EEA70800966602 /* Parstagram */,
				A4CB8E4325EEA70D00966602 /* ParstagramTests */,
				A4CB8E4E25EEA70D00966602 /* ParstagramUITests */,
			);
		};
/* End PBXProject section */

/* Begin PBXResourcesBuildPhase section */
		A4CB8E2C25EEA70800966602 /* Resources */ = {
			isa = PBXResourcesBuildPhase;
			buildActionMask = 2147483647;
			files = (
				A4CB8E3E25EEA70C00966602 /* LaunchScreen.storyboard in Resources */,
				A4CB8E3B25EEA70C00966602 /* Assets.xcassets in Resources */,
				A4CB8E3925EEA70800966602 /* Main.storyboard in Resources */,
			);
			runOnlyForDeploymentPostprocessing = 0;
		};
		A4CB8E4225EEA70D00966602 /* Resources */ = {
			isa = PBXResourcesBuildPhase;
			buildActionMask = 2147483647;
			files = (
			);
			runOnlyForDeploymentPostprocessing = 0;
		};
		A4CB8E4D25EEA70D00966602 /* Resources */ = {
			isa = PBXResourcesBuildPhase;
			buildActionMask = 2147483647;
			files = (
			);
			runOnlyForDeploymentPostprocessing = 0;
		};
/* End PBXResourcesBuildPhase section */

/* Begin PBXShellScriptBuildPhase section */
		33BDB00B93EDCF333BE97985 /* [CP] Embed Pods Frameworks */ = {
			isa = PBXShellScriptBuildPhase;
			buildActionMask = 2147483647;
			files = (
			);
			inputFileListPaths = (
				"${PODS_ROOT}/Target Support Files/Pods-Parstagram-ParstagramUITests/Pods-Parstagram-ParstagramUITests-frameworks-${CONFIGURATION}-input-files.xcfilelist",
			);
			name = "[CP] Embed Pods Frameworks";
			outputFileListPaths = (
				"${PODS_ROOT}/Target Support Files/Pods-Parstagram-ParstagramUITests/Pods-Parstagram-ParstagramUITests-frameworks-${CONFIGURATION}-output-files.xcfilelist",
			);
			runOnlyForDeploymentPostprocessing = 0;
			shellPath = /bin/sh;
			shellScript = "\"${PODS_ROOT}/Target Support Files/Pods-Parstagram-ParstagramUITests/Pods-Parstagram-ParstagramUITests-frameworks.sh\"\n";
			showEnvVarsInLog = 0;
		};
		460B23CE3E08E4D4620434E6 /* [CP] Check Pods Manifest.lock */ = {
			isa = PBXShellScriptBuildPhase;
			buildActionMask = 2147483647;
			files = (
			);
			inputFileListPaths = (
			);
			inputPaths = (
				"${PODS_PODFILE_DIR_PATH}/Podfile.lock",
				"${PODS_ROOT}/Manifest.lock",
			);
			name = "[CP] Check Pods Manifest.lock";
			outputFileListPaths = (
			);
			outputPaths = (
				"$(DERIVED_FILE_DIR)/Pods-Parstagram-checkManifestLockResult.txt",
			);
			runOnlyForDeploymentPostprocessing = 0;
			shellPath = /bin/sh;
			shellScript = "diff \"${PODS_PODFILE_DIR_PATH}/Podfile.lock\" \"${PODS_ROOT}/Manifest.lock\" > /dev/null\nif [ $? != 0 ] ; then\n    # print error to STDERR\n    echo \"error: The sandbox is not in sync with the Podfile.lock. Run 'pod install' or update your CocoaPods installation.\" >&2\n    exit 1\nfi\n# This output is used by Xcode 'outputs' to avoid re-running this script phase.\necho \"SUCCESS\" > \"${SCRIPT_OUTPUT_FILE_0}\"\n";
			showEnvVarsInLog = 0;
		};
		5CA359852103A654859F5E71 /* [CP] Check Pods Manifest.lock */ = {
			isa = PBXShellScriptBuildPhase;
			buildActionMask = 2147483647;
			files = (
			);
			inputFileListPaths = (
			);
			inputPaths = (
				"${PODS_PODFILE_DIR_PATH}/Podfile.lock",
				"${PODS_ROOT}/Manifest.lock",
			);
			name = "[CP] Check Pods Manifest.lock";
			outputFileListPaths = (
			);
			outputPaths = (
				"$(DERIVED_FILE_DIR)/Pods-Parstagram-ParstagramUITests-checkManifestLockResult.txt",
			);
			runOnlyForDeploymentPostprocessing = 0;
			shellPath = /bin/sh;
			shellScript = "diff \"${PODS_PODFILE_DIR_PATH}/Podfile.lock\" \"${PODS_ROOT}/Manifest.lock\" > /dev/null\nif [ $? != 0 ] ; then\n    # print error to STDERR\n    echo \"error: The sandbox is not in sync with the Podfile.lock. Run 'pod install' or update your CocoaPods installation.\" >&2\n    exit 1\nfi\n# This output is used by Xcode 'outputs' to avoid re-running this script phase.\necho \"SUCCESS\" > \"${SCRIPT_OUTPUT_FILE_0}\"\n";
			showEnvVarsInLog = 0;
		};
		BDF0185B2EA1427E29AD1158 /* [CP] Embed Pods Frameworks */ = {
			isa = PBXShellScriptBuildPhase;
			buildActionMask = 2147483647;
			files = (
			);
			inputFileListPaths = (
				"${PODS_ROOT}/Target Support Files/Pods-Parstagram/Pods-Parstagram-frameworks-${CONFIGURATION}-input-files.xcfilelist",
			);
			name = "[CP] Embed Pods Frameworks";
			outputFileListPaths = (
				"${PODS_ROOT}/Target Support Files/Pods-Parstagram/Pods-Parstagram-frameworks-${CONFIGURATION}-output-files.xcfilelist",
			);
			runOnlyForDeploymentPostprocessing = 0;
			shellPath = /bin/sh;
			shellScript = "\"${PODS_ROOT}/Target Support Files/Pods-Parstagram/Pods-Parstagram-frameworks.sh\"\n";
			showEnvVarsInLog = 0;
		};
		F2343965FB3F0D30BA046DD5 /* [CP] Check Pods Manifest.lock */ = {
			isa = PBXShellScriptBuildPhase;
			buildActionMask = 2147483647;
			files = (
			);
			inputFileListPaths = (
			);
			inputPaths = (
				"${PODS_PODFILE_DIR_PATH}/Podfile.lock",
				"${PODS_ROOT}/Manifest.lock",
			);
			name = "[CP] Check Pods Manifest.lock";
			outputFileListPaths = (
			);
			outputPaths = (
				"$(DERIVED_FILE_DIR)/Pods-ParstagramTests-checkManifestLockResult.txt",
			);
			runOnlyForDeploymentPostprocessing = 0;
			shellPath = /bin/sh;
			shellScript = "diff \"${PODS_PODFILE_DIR_PATH}/Podfile.lock\" \"${PODS_ROOT}/Manifest.lock\" > /dev/null\nif [ $? != 0 ] ; then\n    # print error to STDERR\n    echo \"error: The sandbox is not in sync with the Podfile.lock. Run 'pod install' or update your CocoaPods installation.\" >&2\n    exit 1\nfi\n# This output is used by Xcode 'outputs' to avoid re-running this script phase.\necho \"SUCCESS\" > \"${SCRIPT_OUTPUT_FILE_0}\"\n";
			showEnvVarsInLog = 0;
		};
/* End PBXShellScriptBuildPhase section */

/* Begin PBXSourcesBuildPhase section */
		A4CB8E2A25EEA70800966602 /* Sources */ = {
			isa = PBXSourcesBuildPhase;
			buildActionMask = 2147483647;
			files = (
				A4CB8E7A25EEC96900966602 /* PostImageViewController.swift in Sources */,
				A4CB8E3625EEA70800966602 /* LoginViewController.swift in Sources */,
				A4CB8E3225EEA70800966602 /* AppDelegate.swift in Sources */,
				A4CB8E7225EEC07100966602 /* FeedViewController.swift in Sources */,
				A4CB8E3425EEA70800966602 /* SceneDelegate.swift in Sources */,
				A4CB8E8025EED23500966602 /* PostTableViewCell.swift in Sources */,
			);
			runOnlyForDeploymentPostprocessing = 0;
		};
		A4CB8E4025EEA70D00966602 /* Sources */ = {
			isa = PBXSourcesBuildPhase;
			buildActionMask = 2147483647;
			files = (
				A4CB8E4925EEA70D00966602 /* ParstagramTests.swift in Sources */,
			);
			runOnlyForDeploymentPostprocessing = 0;
		};
		A4CB8E4B25EEA70D00966602 /* Sources */ = {
			isa = PBXSourcesBuildPhase;
			buildActionMask = 2147483647;
			files = (
				A4CB8E5425EEA70D00966602 /* ParstagramUITests.swift in Sources */,
			);
			runOnlyForDeploymentPostprocessing = 0;
		};
/* End PBXSourcesBuildPhase section */

/* Begin PBXTargetDependency section */
		A4CB8E4625EEA70D00966602 /* PBXTargetDependency */ = {
			isa = PBXTargetDependency;
			target = A4CB8E2D25EEA70800966602 /* Parstagram */;
			targetProxy = A4CB8E4525EEA70D00966602 /* PBXContainerItemProxy */;
		};
		A4CB8E5125EEA70D00966602 /* PBXTargetDependency */ = {
			isa = PBXTargetDependency;
			target = A4CB8E2D25EEA70800966602 /* Parstagram */;
			targetProxy = A4CB8E5025EEA70D00966602 /* PBXContainerItemProxy */;
		};
/* End PBXTargetDependency section */

/* Begin PBXVariantGroup section */
		A4CB8E3725EEA70800966602 /* Main.storyboard */ = {
			isa = PBXVariantGroup;
			children = (
				A4CB8E3825EEA70800966602 /* Base */,
			);
			name = Main.storyboard;
			sourceTree = "<group>";
		};
		A4CB8E3C25EEA70C00966602 /* LaunchScreen.storyboard */ = {
			isa = PBXVariantGroup;
			children = (
				A4CB8E3D25EEA70C00966602 /* Base */,
			);
			name = LaunchScreen.storyboard;
			sourceTree = "<group>";
		};
/* End PBXVariantGroup section */

/* Begin XCBuildConfiguration section */
		A4CB8E5625EEA70D00966602 /* Debug */ = {
			isa = XCBuildConfiguration;
			buildSettings = {
				ALWAYS_SEARCH_USER_PATHS = NO;
				CLANG_ANALYZER_NONNULL = YES;
				CLANG_ANALYZER_NUMBER_OBJECT_CONVERSION = YES_AGGRESSIVE;
				CLANG_CXX_LANGUAGE_STANDARD = "gnu++14";
				CLANG_CXX_LIBRARY = "libc++";
				CLANG_ENABLE_MODULES = YES;
				CLANG_ENABLE_OBJC_ARC = YES;
				CLANG_ENABLE_OBJC_WEAK = YES;
				CLANG_WARN_BLOCK_CAPTURE_AUTORELEASING = YES;
				CLANG_WARN_BOOL_CONVERSION = YES;
				CLANG_WARN_COMMA = YES;
				CLANG_WARN_CONSTANT_CONVERSION = YES;
				CLANG_WARN_DEPRECATED_OBJC_IMPLEMENTATIONS = YES;
				CLANG_WARN_DIRECT_OBJC_ISA_USAGE = YES_ERROR;
				CLANG_WARN_DOCUMENTATION_COMMENTS = YES;
				CLANG_WARN_EMPTY_BODY = YES;
				CLANG_WARN_ENUM_CONVERSION = YES;
				CLANG_WARN_INFINITE_RECURSION = YES;
				CLANG_WARN_INT_CONVERSION = YES;
				CLANG_WARN_NON_LITERAL_NULL_CONVERSION = YES;
				CLANG_WARN_OBJC_IMPLICIT_RETAIN_SELF = YES;
				CLANG_WARN_OBJC_LITERAL_CONVERSION = YES;
				CLANG_WARN_OBJC_ROOT_CLASS = YES_ERROR;
				CLANG_WARN_QUOTED_INCLUDE_IN_FRAMEWORK_HEADER = YES;
				CLANG_WARN_RANGE_LOOP_ANALYSIS = YES;
				CLANG_WARN_STRICT_PROTOTYPES = YES;
				CLANG_WARN_SUSPICIOUS_MOVE = YES;
				CLANG_WARN_UNGUARDED_AVAILABILITY = YES_AGGRESSIVE;
				CLANG_WARN_UNREACHABLE_CODE = YES;
				CLANG_WARN__DUPLICATE_METHOD_MATCH = YES;
				COPY_PHASE_STRIP = NO;
				DEBUG_INFORMATION_FORMAT = dwarf;
				ENABLE_STRICT_OBJC_MSGSEND = YES;
				ENABLE_TESTABILITY = YES;
				GCC_C_LANGUAGE_STANDARD = gnu11;
				GCC_DYNAMIC_NO_PIC = NO;
				GCC_NO_COMMON_BLOCKS = YES;
				GCC_OPTIMIZATION_LEVEL = 0;
				GCC_PREPROCESSOR_DEFINITIONS = (
					"DEBUG=1",
					"$(inherited)",
				);
				GCC_WARN_64_TO_32_BIT_CONVERSION = YES;
				GCC_WARN_ABOUT_RETURN_TYPE = YES_ERROR;
				GCC_WARN_UNDECLARED_SELECTOR = YES;
				GCC_WARN_UNINITIALIZED_AUTOS = YES_AGGRESSIVE;
				GCC_WARN_UNUSED_FUNCTION = YES;
				GCC_WARN_UNUSED_VARIABLE = YES;
				IPHONEOS_DEPLOYMENT_TARGET = 14.4;
				MTL_ENABLE_DEBUG_INFO = INCLUDE_SOURCE;
				MTL_FAST_MATH = YES;
				ONLY_ACTIVE_ARCH = YES;
				SDKROOT = iphoneos;
				SWIFT_ACTIVE_COMPILATION_CONDITIONS = DEBUG;
				SWIFT_OPTIMIZATION_LEVEL = "-Onone";
			};
			name = Debug;
		};
		A4CB8E5725EEA70D00966602 /* Release */ = {
			isa = XCBuildConfiguration;
			buildSettings = {
				ALWAYS_SEARCH_USER_PATHS = NO;
				CLANG_ANALYZER_NONNULL = YES;
				CLANG_ANALYZER_NUMBER_OBJECT_CONVERSION = YES_AGGRESSIVE;
				CLANG_CXX_LANGUAGE_STANDARD = "gnu++14";
				CLANG_CXX_LIBRARY = "libc++";
				CLANG_ENABLE_MODULES = YES;
				CLANG_ENABLE_OBJC_ARC = YES;
				CLANG_ENABLE_OBJC_WEAK = YES;
				CLANG_WARN_BLOCK_CAPTURE_AUTORELEASING = YES;
				CLANG_WARN_BOOL_CONVERSION = YES;
				CLANG_WARN_COMMA = YES;
				CLANG_WARN_CONSTANT_CONVERSION = YES;
				CLANG_WARN_DEPRECATED_OBJC_IMPLEMENTATIONS = YES;
				CLANG_WARN_DIRECT_OBJC_ISA_USAGE = YES_ERROR;
				CLANG_WARN_DOCUMENTATION_COMMENTS = YES;
				CLANG_WARN_EMPTY_BODY = YES;
				CLANG_WARN_ENUM_CONVERSION = YES;
				CLANG_WARN_INFINITE_RECURSION = YES;
				CLANG_WARN_INT_CONVERSION = YES;
				CLANG_WARN_NON_LITERAL_NULL_CONVERSION = YES;
				CLANG_WARN_OBJC_IMPLICIT_RETAIN_SELF = YES;
				CLANG_WARN_OBJC_LITERAL_CONVERSION = YES;
				CLANG_WARN_OBJC_ROOT_CLASS = YES_ERROR;
				CLANG_WARN_QUOTED_INCLUDE_IN_FRAMEWORK_HEADER = YES;
				CLANG_WARN_RANGE_LOOP_ANALYSIS = YES;
				CLANG_WARN_STRICT_PROTOTYPES = YES;
				CLANG_WARN_SUSPICIOUS_MOVE = YES;
				CLANG_WARN_UNGUARDED_AVAILABILITY = YES_AGGRESSIVE;
				CLANG_WARN_UNREACHABLE_CODE = YES;
				CLANG_WARN__DUPLICATE_METHOD_MATCH = YES;
				COPY_PHASE_STRIP = NO;
				DEBUG_INFORMATION_FORMAT = "dwarf-with-dsym";
				ENABLE_NS_ASSERTIONS = NO;
				ENABLE_STRICT_OBJC_MSGSEND = YES;
				GCC_C_LANGUAGE_STANDARD = gnu11;
				GCC_NO_COMMON_BLOCKS = YES;
				GCC_WARN_64_TO_32_BIT_CONVERSION = YES;
				GCC_WARN_ABOUT_RETURN_TYPE = YES_ERROR;
				GCC_WARN_UNDECLARED_SELECTOR = YES;
				GCC_WARN_UNINITIALIZED_AUTOS = YES_AGGRESSIVE;
				GCC_WARN_UNUSED_FUNCTION = YES;
				GCC_WARN_UNUSED_VARIABLE = YES;
				IPHONEOS_DEPLOYMENT_TARGET = 14.4;
				MTL_ENABLE_DEBUG_INFO = NO;
				MTL_FAST_MATH = YES;
				SDKROOT = iphoneos;
				SWIFT_COMPILATION_MODE = wholemodule;
				SWIFT_OPTIMIZATION_LEVEL = "-O";
				VALIDATE_PRODUCT = YES;
			};
			name = Release;
		};
		A4CB8E5925EEA70D00966602 /* Debug */ = {
			isa = XCBuildConfiguration;
			baseConfigurationReference = 768D8DDB970A4B711FFB41DD /* Pods-Parstagram.debug.xcconfig */;
			buildSettings = {
				ASSETCATALOG_COMPILER_APPICON_NAME = AppIcon;
				ASSETCATALOG_COMPILER_GLOBAL_ACCENT_COLOR_NAME = AccentColor;
				CODE_SIGN_STYLE = Automatic;
				DEVELOPMENT_TEAM = 9N8BB2SYQQ;
				INFOPLIST_FILE = Parstagram/Info.plist;
				LD_RUNPATH_SEARCH_PATHS = (
					"$(inherited)",
					"@executable_path/Frameworks",
				);
				PRODUCT_BUNDLE_IDENTIFIER = jiminie2029asdjfejklsef;
				PRODUCT_NAME = "$(TARGET_NAME)";
				SWIFT_VERSION = 5.0;
				TARGETED_DEVICE_FAMILY = "1,2";
			};
			name = Debug;
		};
		A4CB8E5A25EEA70D00966602 /* Release */ = {
			isa = XCBuildConfiguration;
			baseConfigurationReference = 1AE2A50D78BF2A3E478A10A9 /* Pods-Parstagram.release.xcconfig */;
			buildSettings = {
				ASSETCATALOG_COMPILER_APPICON_NAME = AppIcon;
				ASSETCATALOG_COMPILER_GLOBAL_ACCENT_COLOR_NAME = AccentColor;
				CODE_SIGN_STYLE = Automatic;
				DEVELOPMENT_TEAM = 9N8BB2SYQQ;
				INFOPLIST_FILE = Parstagram/Info.plist;
				LD_RUNPATH_SEARCH_PATHS = (
					"$(inherited)",
					"@executable_path/Frameworks",
				);
				PRODUCT_BUNDLE_IDENTIFIER = jiminie2029asdjfejklsef;
				PRODUCT_NAME = "$(TARGET_NAME)";
				SWIFT_VERSION = 5.0;
				TARGETED_DEVICE_FAMILY = "1,2";
			};
			name = Release;
		};
		A4CB8E5C25EEA70D00966602 /* Debug */ = {
			isa = XCBuildConfiguration;
			baseConfigurationReference = 42D7BF71AC8D5E5B18E48156 /* Pods-ParstagramTests.debug.xcconfig */;
			buildSettings = {
				ALWAYS_EMBED_SWIFT_STANDARD_LIBRARIES = YES;
				BUNDLE_LOADER = "$(TEST_HOST)";
				CODE_SIGN_STYLE = Automatic;
				INFOPLIST_FILE = ParstagramTests/Info.plist;
				IPHONEOS_DEPLOYMENT_TARGET = 14.4;
				LD_RUNPATH_SEARCH_PATHS = (
					"$(inherited)",
					"@executable_path/Frameworks",
					"@loader_path/Frameworks",
				);
				PRODUCT_BUNDLE_IDENTIFIER = com.example.ParstagramTests;
				PRODUCT_NAME = "$(TARGET_NAME)";
				SWIFT_VERSION = 5.0;
				TARGETED_DEVICE_FAMILY = "1,2";
				TEST_HOST = "$(BUILT_PRODUCTS_DIR)/Parstagram.app/Parstagram";
			};
			name = Debug;
		};
		A4CB8E5D25EEA70D00966602 /* Release */ = {
			isa = XCBuildConfiguration;
			baseConfigurationReference = 77585408D344B3394A4AB300 /* Pods-ParstagramTests.release.xcconfig */;
			buildSettings = {
				ALWAYS_EMBED_SWIFT_STANDARD_LIBRARIES = YES;
				BUNDLE_LOADER = "$(TEST_HOST)";
				CODE_SIGN_STYLE = Automatic;
				INFOPLIST_FILE = ParstagramTests/Info.plist;
				IPHONEOS_DEPLOYMENT_TARGET = 14.4;
				LD_RUNPATH_SEARCH_PATHS = (
					"$(inherited)",
					"@executable_path/Frameworks",
					"@loader_path/Frameworks",
				);
				PRODUCT_BUNDLE_IDENTIFIER = com.example.ParstagramTests;
				PRODUCT_NAME = "$(TARGET_NAME)";
				SWIFT_VERSION = 5.0;
				TARGETED_DEVICE_FAMILY = "1,2";
				TEST_HOST = "$(BUILT_PRODUCTS_DIR)/Parstagram.app/Parstagram";
			};
			name = Release;
		};
		A4CB8E5F25EEA70D00966602 /* Debug */ = {
			isa = XCBuildConfiguration;
			baseConfigurationReference = CD12ECE9A28C0A1F73ECAB05 /* Pods-Parstagram-ParstagramUITests.debug.xcconfig */;
			buildSettings = {
				ALWAYS_EMBED_SWIFT_STANDARD_LIBRARIES = YES;
				CODE_SIGN_STYLE = Automatic;
				INFOPLIST_FILE = ParstagramUITests/Info.plist;
				LD_RUNPATH_SEARCH_PATHS = (
					"$(inherited)",
					"@executable_path/Frameworks",
					"@loader_path/Frameworks",
				);
				PRODUCT_BUNDLE_IDENTIFIER = com.example.ParstagramUITests;
				PRODUCT_NAME = "$(TARGET_NAME)";
				SWIFT_VERSION = 5.0;
				TARGETED_DEVICE_FAMILY = "1,2";
				TEST_TARGET_NAME = Parstagram;
			};
			name = Debug;
		};
		A4CB8E6025EEA70D00966602 /* Release */ = {
			isa = XCBuildConfiguration;
			baseConfigurationReference = BD22A64EEDF9596DB228D383 /* Pods-Parstagram-ParstagramUITests.release.xcconfig */;
			buildSettings = {
				ALWAYS_EMBED_SWIFT_STANDARD_LIBRARIES = YES;
				CODE_SIGN_STYLE = Automatic;
				INFOPLIST_FILE = ParstagramUITests/Info.plist;
				LD_RUNPATH_SEARCH_PATHS = (
					"$(inherited)",
					"@executable_path/Frameworks",
					"@loader_path/Frameworks",
				);
				PRODUCT_BUNDLE_IDENTIFIER = com.example.ParstagramUITests;
				PRODUCT_NAME = "$(TARGET_NAME)";
				SWIFT_VERSION = 5.0;
				TARGETED_DEVICE_FAMILY = "1,2";
				TEST_TARGET_NAME = Parstagram;
			};
			name = Release;
		};
/* End XCBuildConfiguration section */

/* Begin XCConfigurationList section */
		A4CB8E2925EEA70800966602 /* Build configuration list for PBXProject "Parstagram" */ = {
			isa = XCConfigurationList;
			buildConfigurations = (
				A4CB8E5625EEA70D00966602 /* Debug */,
				A4CB8E5725EEA70D00966602 /* Release */,
			);
			defaultConfigurationIsVisible = 0;
			defaultConfigurationName = Release;
		};
		A4CB8E5825EEA70D00966602 /* Build configuration list for PBXNativeTarget "Parstagram" */ = {
			isa = XCConfigurationList;
			buildConfigurations = (
				A4CB8E5925EEA70D00966602 /* Debug */,
				A4CB8E5A25EEA70D00966602 /* Release */,
			);
			defaultConfigurationIsVisible = 0;
			defaultConfigurationName = Release;
		};
		A4CB8E5B25EEA70D00966602 /* Build configuration list for PBXNativeTarget "ParstagramTests" */ = {
			isa = XCConfigurationList;
			buildConfigurations = (
				A4CB8E5C25EEA70D00966602 /* Debug */,
				A4CB8E5D25EEA70D00966602 /* Release */,
			);
			defaultConfigurationIsVisible = 0;
			defaultConfigurationName = Release;
		};
		A4CB8E5E25EEA70D00966602 /* Build configuration list for PBXNativeTarget "ParstagramUITests" */ = {
			isa = XCConfigurationList;
			buildConfigurations = (
				A4CB8E5F25EEA70D00966602 /* Debug */,
				A4CB8E6025EEA70D00966602 /* Release */,
			);
			defaultConfigurationIsVisible = 0;
			defaultConfigurationName = Release;
		};
/* End XCConfigurationList section */
	};
	rootObject = A4CB8E2625EEA70800966602 /* Project object */;
}
